{
  "nodes": {
    "crane": {
      "locked": {
        "lastModified": 1774313390,
        "narHash": "sha256-BEp040fMklOW2+ttpNUKivlE0hzpv0AAP+0kG47uVCk=",
        "owner": "ipetkov",
        "repo": "crane",
        "rev": "ca870b74b19e5433c4171e84ebf359aaef7b3e7e",
        "type": "github"
      },
      "original": {
        "owner": "ipetkov",
        "ref": "v0.23.2",
        "repo": "crane",
        "type": "github"
      }
    },
    "fenix": {
      "inputs": {
        "nixpkgs": [
          "nixpkgs"
        ],
        "rust-analyzer-src": "rust-analyzer-src"
      },
      "locked": {
        "lastModified": 1780049436,
        "narHash": "sha256-5AOcWjhcUgzZft6iuZCYqCmCx33C2pXWE+ztxuctJRQ=",
        "owner": "nix-community",
        "repo": "fenix",
        "rev": "9bc51687db8dfb1dd77266deb709c44bafb74ed0",
        "type": "github"
      },
      "original": {
        "owner": "nix-community",
        "repo": "fenix",
        "type": "github"
      }
    },
    "nixpkgs": {
      "locked": {
        "lastModified": 1779971959,
        "narHash": "sha256-R5nauXyqyfRUFiZycFFZdkF7wl6eaUpPLst35+2nJQY=",
        "owner": "NixOS",
        "repo": "nixpkgs",
        "rev": "ec942ba042dad5ef097e2ef3a3effc034241f011",
        "type": "github"
      },
      "original": {
        "owner": "NixOS",
        "ref": "nixos-26.05",
        "repo": "nixpkgs",
        "type": "github"
      }
    },
    "root": {
      "inputs": {
        "crane": "crane",
        "fenix": "fenix",
        "nixpkgs": "nixpkgs"
      }
    },
    "rust-analyzer-src": {
      "flake": false,
      "locked": {
        "lastModified": 1780002457,
        "narHash": "sha256-s2Cmnt3OSjhdaQ68eEhRnIiln+EXNB5Nm8VbsFqM6iE=",
        "owner": "rust-lang",
        "repo": "rust-analyzer",
        "rev": "7bd90313c8a444c42b41e295ab8e324be2fa1cf0",
        "type": "github"
      },
      "original": {
        "owner": "rust-lang",
        "ref": "nightly",
        "repo": "rust-analyzer",
        "type": "github"
      }
    }
  },
  "root": "root",
  "version": 7
}
