{
  "nodes": {
    "crane": {
      "locked": {
        "lastModified": 1731974531,
        "narHash": "sha256-z7hiGBWsbWwSnu5UMmYyfHEehlSmfB8sCA8iH4nmxm8=",
        "owner": "ipetkov",
        "repo": "crane",
        "rev": "8ff9c457d60951bdd37a05ae903423de7ff55c6e",
        "type": "github"
      },
      "original": {
        "owner": "ipetkov",
        "ref": "v0.19.3",
        "repo": "crane",
        "type": "github"
      }
    },
    "d4": {
      "inputs": {
        "nixpkgs": [
          "nixpkgs"
        ]
      },
      "locked": {
        "lastModified": 1732816696,
        "narHash": "sha256-0NpWmv++ghW4aWMu2mC50k1068D1p5fDgXKD1i8GqUI=",
        "owner": "SoftVarE-Group",
        "repo": "d4v2",
        "rev": "63be2a89e3df3a174eeee7dbab6af3ff3d783704",
        "type": "github"
      },
      "original": {
        "owner": "SoftVarE-Group",
        "ref": "mt-kahypar",
        "repo": "d4v2",
        "type": "github"
      }
    },
    "fenix": {
      "inputs": {
        "nixpkgs": [
          "nixpkgs"
        ],
        "rust-analyzer-src": "rust-analyzer-src"
      },
      "locked": {
        "lastModified": 1732689334,
        "narHash": "sha256-yKI1KiZ0+bvDvfPTQ1ZT3oP/nIu3jPYm4dnbRd6hYg4=",
        "owner": "nix-community",
        "repo": "fenix",
        "rev": "a8a983027ca02b363dfc82fbe3f7d9548a8d3dce",
        "type": "github"
      },
      "original": {
        "owner": "nix-community",
        "repo": "fenix",
        "type": "github"
      }
    },
    "nixpkgs": {
      "locked": {
        "lastModified": 1732981179,
        "narHash": "sha256-F7thesZPvAMSwjRu0K8uFshTk3ZZSNAsXTIFvXBT+34=",
        "owner": "NixOS",
        "repo": "nixpkgs",
        "rev": "62c435d93bf046a5396f3016472e8f7c8e2aed65",
        "type": "github"
      },
      "original": {
        "owner": "NixOS",
        "ref": "nixos-24.11",
        "repo": "nixpkgs",
        "type": "github"
      }
    },
    "root": {
      "inputs": {
        "crane": "crane",
        "d4": "d4",
        "fenix": "fenix",
        "nixpkgs": "nixpkgs"
      }
    },
    "rust-analyzer-src": {
      "flake": false,
      "locked": {
        "lastModified": 1732633904,
        "narHash": "sha256-7VKcoLug9nbAN2txqVksWHHJplqK9Ou8dXjIZAIYSGc=",
        "owner": "rust-lang",
        "repo": "rust-analyzer",
        "rev": "8d5e91c94f80c257ce6dbdfba7bd63a5e8a03fa6",
        "type": "github"
      },
      "original": {
        "owner": "rust-lang",
        "ref": "nightly",
        "repo": "rust-analyzer",
        "type": "github"
      }
    }
  },
  "root": "root",
  "version": 7
}
