{
  "nodes": {
    "crane": {
      "locked": {
        "lastModified": 1731974531,
        "narHash": "sha256-z7hiGBWsbWwSnu5UMmYyfHEehlSmfB8sCA8iH4nmxm8=",
        "owner": "ipetkov",
        "repo": "crane",
        "rev": "8ff9c457d60951bdd37a05ae903423de7ff55c6e",
        "type": "github"
      },
      "original": {
        "owner": "ipetkov",
        "ref": "v0.19.3",
        "repo": "crane",
        "type": "github"
      }
    },
    "d4": {
      "inputs": {
        "nixpkgs": [
          "nixpkgs"
        ]
      },
      "locked": {
        "lastModified": 1735509196,
        "narHash": "sha256-bbn1XRaqPbE4solLJbwKLgbFv4Wl6FCe9hTQ05Fy+IY=",
        "owner": "SoftVarE-Group",
        "repo": "d4v2",
        "rev": "d41c00de85cccd556fef55ee3a6bf29720b15004",
        "type": "github"
      },
      "original": {
        "owner": "SoftVarE-Group",
        "ref": "2.1.1",
        "repo": "d4v2",
        "type": "github"
      }
    },
    "fenix": {
      "inputs": {
        "nixpkgs": [
          "nixpkgs"
        ],
        "rust-analyzer-src": "rust-analyzer-src"
      },
      "locked": {
        "lastModified": 1736058609,
        "narHash": "sha256-IAE2l4uRHm9EfV/3o4Uz639FMKG4p4aFhsm7pVmPxxI=",
        "owner": "nix-community",
        "repo": "fenix",
        "rev": "2496106635e313223d42750681211f19fa8883b8",
        "type": "github"
      },
      "original": {
        "owner": "nix-community",
        "repo": "fenix",
        "type": "github"
      }
    },
    "nixpkgs": {
      "locked": {
        "lastModified": 1735922141,
        "narHash": "sha256-vk0xwGZSlvZ/596yxOtsk4gxsIx2VemzdjiU8zhjgWw=",
        "owner": "NixOS",
        "repo": "nixpkgs",
        "rev": "d29ab98cd4a70a387b8ceea3e930b3340d41ac5a",
        "type": "github"
      },
      "original": {
        "owner": "NixOS",
        "ref": "nixos-24.11",
        "repo": "nixpkgs",
        "type": "github"
      }
    },
    "root": {
      "inputs": {
        "crane": "crane",
        "d4": "d4",
        "fenix": "fenix",
        "nixpkgs": "nixpkgs"
      }
    },
    "rust-analyzer-src": {
      "flake": false,
      "locked": {
        "lastModified": 1736009406,
        "narHash": "sha256-5P+kK7S64/Mg8NrGQ3ScqoRW7vJAKzoeGJCFhEbldN0=",
        "owner": "rust-lang",
        "repo": "rust-analyzer",
        "rev": "6725e046df7493c1047e115ebc7180fb06416038",
        "type": "github"
      },
      "original": {
        "owner": "rust-lang",
        "ref": "nightly",
        "repo": "rust-analyzer",
        "type": "github"
      }
    }
  },
  "root": "root",
  "version": 7
}
